// !$*UTF8*$!
{
	archiveVersion = 1;
	classes = {
	};
	objectVersion = 50;
	objects = {

/* Begin PBXBuildFile section */
		976199EC26E185EE004EE3CB /* EmojiArtistApp.swift in Sources */ = {isa = PBXBuildFile; fileRef = 976199EB26E185EE004EE3CB /* EmojiArtistApp.swift */; };
		976199EE26E185EE004EE3CB /* ContentView.swift in Sources */ = {isa = PBXBuildFile; fileRef = 976199ED26E185EE004EE3CB /* ContentView.swift */; };
		976199F026E185F0004EE3CB /* Assets.xcassets in Resources */ = {isa = PBXBuildFile; fileRef = 976199EF26E185F0004EE3CB /* Assets.xcassets */; };
		976199F326E185F0004EE3CB /* Preview Assets.xcassets in Resources */ = {isa = PBXBuildFile; fileRef = 976199F226E185F0004EE3CB /* Preview Assets.xcassets */; };
		976199FD26E1883F004EE3CB /* EmojiArtistModel.swift in Sources */ = {isa = PBXBuildFile; fileRef = 976199FC26E1883F004EE3CB /* EmojiArtistModel.swift */; };
		976199FF26E18C4D004EE3CB /* EmojiArtistModel.Background.swift in Sources */ = {isa = PBXBuildFile; fileRef = 976199FE26E18C4D004EE3CB /* EmojiArtistModel.Background.swift */; };
		97619A0126E2CDC6004EE3CB /* EmojiArtistDocument.swift in Sources */ = {isa = PBXBuildFile; fileRef = 97619A0026E2CDC6004EE3CB /* EmojiArtistDocument.swift */; };
		97619A0326E2D16E004EE3CB /* UtilityExtensions.swift in Sources */ = {isa = PBXBuildFile; fileRef = 97619A0226E2D16E004EE3CB /* UtilityExtensions.swift */; };
		97619A0526E2D381004EE3CB /* UtilityViews.swift in Sources */ = {isa = PBXBuildFile; fileRef = 97619A0426E2D381004EE3CB /* UtilityViews.swift */; };
/* End PBXBuildFile section */

/* Begin PBXFileReference section */
		976199E826E185EE004EE3CB /* EmojiArtist.app */ = {isa = PBXFileReference; explicitFileType = wrapper.application; includeInIndex = 0; path = EmojiArtist.app; sourceTree = BUILT_PRODUCTS_DIR; };
		976199EB26E185EE004EE3CB /* EmojiArtistApp.swift */ = {isa = PBXFileReference; lastKnownFileType = sourcecode.swift; path = EmojiArtistApp.swift; sourceTree = "<group>"; };
		976199ED26E185EE004EE3CB /* ContentView.swift */ = {isa = PBXFileReference; lastKnownFileType = sourcecode.swift; path = ContentView.swift; sourceTree = "<group>"; };
		976199EF26E185F0004EE3CB /* Assets.xcassets */ = {isa = PBXFileReference; lastKnownFileType = folder.assetcatalog; path = Assets.xcassets; sourceTree = "<group>"; };
		976199F226E185F0004EE3CB /* Preview Assets.xcassets */ = {isa = PBXFileReference; lastKnownFileType = folder.assetcatalog; path = "Preview Assets.xcassets"; sourceTree = "<group>"; };
		976199F426E185F0004EE3CB /* Info.plist */ = {isa = PBXFileReference; lastKnownFileType = text.plist.xml; path = Info.plist; sourceTree = "<group>"; };
		976199FC26E1883F004EE3CB /* EmojiArtistModel.swift */ = {isa = PBXFileReference; lastKnownFileType = sourcecode.swift; path = EmojiArtistModel.swift; sourceTree = "<group>"; };
		976199FE26E18C4D004EE3CB /* EmojiArtistModel.Background.swift */ = {isa = PBXFileReference; lastKnownFileType = sourcecode.swift; path = EmojiArtistModel.Background.swift; sourceTree = "<group>"; };
		97619A0026E2CDC6004EE3CB /* EmojiArtistDocument.swift */ = {isa = PBXFileReference; lastKnownFileType = sourcecode.swift; path = EmojiArtistDocument.swift; sourceTree = "<group>"; };
		97619A0226E2D16E004EE3CB /* UtilityExtensions.swift */ = {isa = PBXFileReference; lastKnownFileType = sourcecode.swift; path = UtilityExtensions.swift; sourceTree = "<group>"; };
		97619A0426E2D381004EE3CB /* UtilityViews.swift */ = {isa = PBXFileReference; lastKnownFileType = sourcecode.swift; path = UtilityViews.swift; sourceTree = "<group>"; };
/* End PBXFileReference section */

/* Begin PBXFrameworksBuildPhase section */
		976199E526E185EE004EE3CB /* Frameworks */ = {
			isa = PBXFrameworksBuildPhase;
			buildActionMask = 2147483647;
			files = (
			);
			runOnlyForDeploymentPostprocessing = 0;
		};
/* End PBXFrameworksBuildPhase section */

/* Begin PBXGroup section */
		976199DF26E185EE004EE3CB = {
			isa = PBXGroup;
			children = (
				976199EA26E185EE004EE3CB /* EmojiArtist */,
				976199E926E185EE004EE3CB /* Products */,
			);
			sourceTree = "<group>";
		};
		976199E926E185EE004EE3CB /* Products */ = {
			isa = PBXGroup;
			children = (
				976199E826E185EE004EE3CB /* EmojiArtist.app */,
			);
			name = Products;
			sourceTree = "<group>";
		};
		976199EA26E185EE004EE3CB /* EmojiArtist */ = {
			isa = PBXGroup;
			children = (
				976199EB26E185EE004EE3CB /* EmojiArtistApp.swift */,
				976199ED26E185EE004EE3CB /* ContentView.swift */,
				976199FC26E1883F004EE3CB /* EmojiArtistModel.swift */,
				97619A0026E2CDC6004EE3CB /* EmojiArtistDocument.swift */,
				97619A0226E2D16E004EE3CB /* UtilityExtensions.swift */,
				97619A0426E2D381004EE3CB /* UtilityViews.swift */,
				976199FE26E18C4D004EE3CB /* EmojiArtistModel.Background.swift */,
				976199EF26E185F0004EE3CB /* Assets.xcassets */,
				976199F426E185F0004EE3CB /* Info.plist */,
				976199F126E185F0004EE3CB /* Preview Content */,
			);
			path = EmojiArtist;
			sourceTree = "<group>";
		};
		976199F126E185F0004EE3CB /* Preview Content */ = {
			isa = PBXGroup;
			children = (
				976199F226E185F0004EE3CB /* Preview Assets.xcassets */,
			);
			path = "Preview Content";
			sourceTree = "<group>";
		};
/* End PBXGroup section */

/* Begin PBXNativeTarget section */
		976199E726E185EE004EE3CB /* EmojiArtist */ = {
			isa = PBXNativeTarget;
			buildConfigurationList = 976199F726E185F0004EE3CB /* Build configuration list for PBXNativeTarget "EmojiArtist" */;
			buildPhases = (
				976199E426E185EE004EE3CB /* Sources */,
				976199E526E185EE004EE3CB /* Frameworks */,
				976199E626E185EE004EE3CB /* Resources */,
			);
			buildRules = (
			);
			dependencies = (
			);
			name = EmojiArtist;
			productName = EmojiArtist;
			productReference = 976199E826E185EE004EE3CB /* EmojiArtist.app */;
			productType = "com.apple.product-type.application";
		};
/* End PBXNativeTarget section */

/* Begin PBXProject section */
		976199E026E185EE004EE3CB /* Project object */ = {
			isa = PBXProject;
			attributes = {
				LastSwiftUpdateCheck = 1250;
				LastUpgradeCheck = 1250;
				TargetAttributes = {
					976199E726E185EE004EE3CB = {
						CreatedOnToolsVersion = 12.5.1;
					};
				};
			};
			buildConfigurationList = 976199E326E185EE004EE3CB /* Build configuration list for PBXProject "EmojiArtist" */;
			compatibilityVersion = "Xcode 9.3";
			developmentRegion = en;
			hasScannedForEncodings = 0;
			knownRegions = (
				en,
				Base,
			);
			mainGroup = 976199DF26E185EE004EE3CB;
			productRefGroup = 976199E926E185EE004EE3CB /* Products */;
			projectDirPath = "";
			projectRoot = "";
			targets = (
				976199E726E185EE004EE3CB /* EmojiArtist */,
			);
		};
/* End PBXProject section */

/* Begin PBXResourcesBuildPhase section */
		976199E626E185EE004EE3CB /* Resources */ = {
			isa = PBXResourcesBuildPhase;
			buildActionMask = 2147483647;
			files = (
				976199F326E185F0004EE3CB /* Preview Assets.xcassets in Resources */,
				976199F026E185F0004EE3CB /* Assets.xcassets in Resources */,
			);
			runOnlyForDeploymentPostprocessing = 0;
		};
/* End PBXResourcesBuildPhase section */

/* Begin PBXSourcesBuildPhase section */
		976199E426E185EE004EE3CB /* Sources */ = {
			isa = PBXSourcesBuildPhase;
			buildActionMask = 2147483647;
			files = (
				97619A0526E2D381004EE3CB /* UtilityViews.swift in Sources */,
				976199EE26E185EE004EE3CB /* ContentView.swift in Sources */,
				976199FD26E1883F004EE3CB /* EmojiArtistModel.swift in Sources */,
				97619A0326E2D16E004EE3CB /* UtilityExtensions.swift in Sources */,
				976199FF26E18C4D004EE3CB /* EmojiArtistModel.Background.swift in Sources */,
				976199EC26E185EE004EE3CB /* EmojiArtistApp.swift in Sources */,
				97619A0126E2CDC6004EE3CB /* EmojiArtistDocument.swift in Sources */,
			);
			runOnlyForDeploymentPostprocessing = 0;
		};
/* End PBXSourcesBuildPhase section */

/* Begin XCBuildConfiguration section */
		976199F526E185F0004EE3CB /* Debug */ = {
			isa = XCBuildConfiguration;
			buildSettings = {
				ALWAYS_SEARCH_USER_PATHS = NO;
				CLANG_ANALYZER_NONNULL = YES;
				CLANG_ANALYZER_NUMBER_OBJECT_CONVERSION = YES_AGGRESSIVE;
				CLANG_CXX_LANGUAGE_STANDARD = "gnu++14";
				CLANG_CXX_LIBRARY = "libc++";
				CLANG_ENABLE_MODULES = YES;
				CLANG_ENABLE_OBJC_ARC = YES;
				CLANG_ENABLE_OBJC_WEAK = YES;
				CLANG_WARN_BLOCK_CAPTURE_AUTORELEASING = YES;
				CLANG_WARN_BOOL_CONVERSION = YES;
				CLANG_WARN_COMMA = YES;
				CLANG_WARN_CONSTANT_CONVERSION = YES;
				CLANG_WARN_DEPRECATED_OBJC_IMPLEMENTATIONS = YES;
				CLANG_WARN_DIRECT_OBJC_ISA_USAGE = YES_ERROR;
				CLANG_WARN_DOCUMENTATION_COMMENTS = YES;
				CLANG_WARN_EMPTY_BODY = YES;
				CLANG_WARN_ENUM_CONVERSION = YES;
				CLANG_WARN_INFINITE_RECURSION = YES;
				CLANG_WARN_INT_CONVERSION = YES;
				CLANG_WARN_NON_LITERAL_NULL_CONVERSION = YES;
				CLANG_WARN_OBJC_IMPLICIT_RETAIN_SELF = YES;
				CLANG_WARN_OBJC_LITERAL_CONVERSION = YES;
				CLANG_WARN_OBJC_ROOT_CLASS = YES_ERROR;
				CLANG_WARN_QUOTED_INCLUDE_IN_FRAMEWORK_HEADER = YES;
				CLANG_WARN_RANGE_LOOP_ANALYSIS = YES;
				CLANG_WARN_STRICT_PROTOTYPES = YES;
				CLANG_WARN_SUSPICIOUS_MOVE = YES;
				CLANG_WARN_UNGUARDED_AVAILABILITY = YES_AGGRESSIVE;
				CLANG_WARN_UNREACHABLE_CODE = YES;
				CLANG_WARN__DUPLICATE_METHOD_MATCH = YES;
				COPY_PHASE_STRIP = NO;
				DEBUG_INFORMATION_FORMAT = dwarf;
				ENABLE_STRICT_OBJC_MSGSEND = YES;
				ENABLE_TESTABILITY = YES;
				GCC_C_LANGUAGE_STANDARD = gnu11;
				GCC_DYNAMIC_NO_PIC = NO;
				GCC_NO_COMMON_BLOCKS = YES;
				GCC_OPTIMIZATION_LEVEL = 0;
				GCC_PREPROCESSOR_DEFINITIONS = (
					"DEBUG=1",
					"$(inherited)",
				);
				GCC_WARN_64_TO_32_BIT_CONVERSION = YES;
				GCC_WARN_ABOUT_RETURN_TYPE = YES_ERROR;
				GCC_WARN_UNDECLARED_SELECTOR = YES;
				GCC_WARN_UNINITIALIZED_AUTOS = YES_AGGRESSIVE;
				GCC_WARN_UNUSED_FUNCTION = YES;
				GCC_WARN_UNUSED_VARIABLE = YES;
				IPHONEOS_DEPLOYMENT_TARGET = 14.5;
				MTL_ENABLE_DEBUG_INFO = INCLUDE_SOURCE;
				MTL_FAST_MATH = YES;
				ONLY_ACTIVE_ARCH = YES;
				SDKROOT = iphoneos;
				SWIFT_ACTIVE_COMPILATION_CONDITIONS = DEBUG;
				SWIFT_OPTIMIZATION_LEVEL = "-Onone";
			};
			name = Debug;
		};
		976199F626E185F0004EE3CB /* Release */ = {
			isa = XCBuildConfiguration;
			buildSettings = {
				ALWAYS_SEARCH_USER_PATHS = NO;
				CLANG_ANALYZER_NONNULL = YES;
				CLANG_ANALYZER_NUMBER_OBJECT_CONVERSION = YES_AGGRESSIVE;
				CLANG_CXX_LANGUAGE_STANDARD = "gnu++14";
				CLANG_CXX_LIBRARY = "libc++";
				CLANG_ENABLE_MODULES = YES;
				CLANG_ENABLE_OBJC_ARC = YES;
				CLANG_ENABLE_OBJC_WEAK = YES;
				CLANG_WARN_BLOCK_CAPTURE_AUTORELEASING = YES;
				CLANG_WARN_BOOL_CONVERSION = YES;
				CLANG_WARN_COMMA = YES;
				CLANG_WARN_CONSTANT_CONVERSION = YES;
				CLANG_WARN_DEPRECATED_OBJC_IMPLEMENTATIONS = YES;
				CLANG_WARN_DIRECT_OBJC_ISA_USAGE = YES_ERROR;
				CLANG_WARN_DOCUMENTATION_COMMENTS = YES;
				CLANG_WARN_EMPTY_BODY = YES;
				CLANG_WARN_ENUM_CONVERSION = YES;
				CLANG_WARN_INFINITE_RECURSION = YES;
				CLANG_WARN_INT_CONVERSION = YES;
				CLANG_WARN_NON_LITERAL_NULL_CONVERSION = YES;
				CLANG_WARN_OBJC_IMPLICIT_RETAIN_SELF = YES;
				CLANG_WARN_OBJC_LITERAL_CONVERSION = YES;
				CLANG_WARN_OBJC_ROOT_CLASS = YES_ERROR;
				CLANG_WARN_QUOTED_INCLUDE_IN_FRAMEWORK_HEADER = YES;
				CLANG_WARN_RANGE_LOOP_ANALYSIS = YES;
				CLANG_WARN_STRICT_PROTOTYPES = YES;
				CLANG_WARN_SUSPICIOUS_MOVE = YES;
				CLANG_WARN_UNGUARDED_AVAILABILITY = YES_AGGRESSIVE;
				CLANG_WARN_UNREACHABLE_CODE = YES;
				CLANG_WARN__DUPLICATE_METHOD_MATCH = YES;
				COPY_PHASE_STRIP = NO;
				DEBUG_INFORMATION_FORMAT = "dwarf-with-dsym";
				ENABLE_NS_ASSERTIONS = NO;
				ENABLE_STRICT_OBJC_MSGSEND = YES;
				GCC_C_LANGUAGE_STANDARD = gnu11;
				GCC_NO_COMMON_BLOCKS = YES;
				GCC_WARN_64_TO_32_BIT_CONVERSION = YES;
				GCC_WARN_ABOUT_RETURN_TYPE = YES_ERROR;
				GCC_WARN_UNDECLARED_SELECTOR = YES;
				GCC_WARN_UNINITIALIZED_AUTOS = YES_AGGRESSIVE;
				GCC_WARN_UNUSED_FUNCTION = YES;
				GCC_WARN_UNUSED_VARIABLE = YES;
				IPHONEOS_DEPLOYMENT_TARGET = 14.5;
				MTL_ENABLE_DEBUG_INFO = NO;
				MTL_FAST_MATH = YES;
				SDKROOT = iphoneos;
				SWIFT_COMPILATION_MODE = wholemodule;
				SWIFT_OPTIMIZATION_LEVEL = "-O";
				VALIDATE_PRODUCT = YES;
			};
			name = Release;
		};
		976199F826E185F0004EE3CB /* Debug */ = {
			isa = XCBuildConfiguration;
			buildSettings = {
				ASSETCATALOG_COMPILER_APPICON_NAME = AppIcon;
				ASSETCATALOG_COMPILER_GLOBAL_ACCENT_COLOR_NAME = AccentColor;
				CODE_SIGN_STYLE = Automatic;
				DEVELOPMENT_ASSET_PATHS = "\"EmojiArtist/Preview Content\"";
				DEVELOPMENT_TEAM = FQ52H34MLU;
				ENABLE_PREVIEWS = YES;
				INFOPLIST_FILE = EmojiArtist/Info.plist;
				IPHONEOS_DEPLOYMENT_TARGET = 14.0;
				LD_RUNPATH_SEARCH_PATHS = (
					"$(inherited)",
					"@executable_path/Frameworks",
				);
				PRODUCT_BUNDLE_IDENTIFIER = com.roypark.EmojiArtist;
				PRODUCT_NAME = "$(TARGET_NAME)";
				SWIFT_VERSION = 5.0;
				TARGETED_DEVICE_FAMILY = "1,2";
			};
			name = Debug;
		};
		976199F926E185F0004EE3CB /* Release */ = {
			isa = XCBuildConfiguration;
			buildSettings = {
				ASSETCATALOG_COMPILER_APPICON_NAME = AppIcon;
				ASSETCATALOG_COMPILER_GLOBAL_ACCENT_COLOR_NAME = AccentColor;
				CODE_SIGN_STYLE = Automatic;
				DEVELOPMENT_ASSET_PATHS = "\"EmojiArtist/Preview Content\"";
				DEVELOPMENT_TEAM = FQ52H34MLU;
				ENABLE_PREVIEWS = YES;
				INFOPLIST_FILE = EmojiArtist/Info.plist;
				IPHONEOS_DEPLOYMENT_TARGET = 14.0;
				LD_RUNPATH_SEARCH_PATHS = (
					"$(inherited)",
					"@executable_path/Frameworks",
				);
				PRODUCT_BUNDLE_IDENTIFIER = com.roypark.EmojiArtist;
				PRODUCT_NAME = "$(TARGET_NAME)";
				SWIFT_VERSION = 5.0;
				TARGETED_DEVICE_FAMILY = "1,2";
			};
			name = Release;
		};
/* End XCBuildConfiguration section */

/* Begin XCConfigurationList section */
		976199E326E185EE004EE3CB /* Build configuration list for PBXProject "EmojiArtist" */ = {
			isa = XCConfigurationList;
			buildConfigurations = (
				976199F526E185F0004EE3CB /* Debug */,
				976199F626E185F0004EE3CB /* Release */,
			);
			defaultConfigurationIsVisible = 0;
			defaultConfigurationName = Release;
		};
		976199F726E185F0004EE3CB /* Build configuration list for PBXNativeTarget "EmojiArtist" */ = {
			isa = XCConfigurationList;
			buildConfigurations = (
				976199F826E185F0004EE3CB /* Debug */,
				976199F926E185F0004EE3CB /* Release */,
			);
			defaultConfigurationIsVisible = 0;
			defaultConfigurationName = Release;
		};
/* End XCConfigurationList section */
	};
	rootObject = 976199E026E185EE004EE3CB /* Project object */;
}
